
Microsoft Visual Studio Solution File, Format Version 12.00
# Visual Studio Version 17
VisualStudioVersion = 17.9.34616.47
MinimumVisualStudioVersion = 10.0.40219.1
Project("{FAE04EC0-301F-11D3-BF4B-00C04F79EFBC}") = "Grupp2MVC", "Grupp2MVC\Grupp2MVC.csproj", "{BD32A97E-B6C8-4EBA-81D6-A8698AC2010B}"
EndProject
Global
	GlobalSection(SolutionConfigurationPlatforms) = preSolution
		Debug|Any CPU = Debug|Any CPU
		Release|Any CPU = Release|Any CPU
	EndGlobalSection
	GlobalSection(ProjectConfigurationPlatforms) = postSolution
		{BD32A97E-B6C8-4EBA-81D6-A8698AC2010B}.Debug|Any CPU.ActiveCfg = Debug|Any CPU
		{BD32A97E-B6C8-4EBA-81D6-A8698AC2010B}.Debug|Any CPU.Build.0 = Debug|Any CPU
		{BD32A97E-B6C8-4EBA-81D6-A8698AC2010B}.Release|Any CPU.ActiveCfg = Release|Any CPU
		{BD32A97E-B6C8-4EBA-81D6-A8698AC2010B}.Release|Any CPU.Build.0 = Release|Any CPU
	EndGlobalSection
	GlobalSection(SolutionProperties) = preSolution
		HideSolutionNode = FALSE
	EndGlobalSection
	GlobalSection(ExtensibilityGlobals) = postSolution
		SolutionGuid = {3E7B8D18-DAFB-4C00-A10E-50B245E54578}
	EndGlobalSection
EndGlobal
